
Microsoft Visual Studio Solution File, Format Version 12.00
# Visual Studio Version 17
VisualStudioVersion = 17.0.31903.59
MinimumVisualStudioVersion = 10.0.40219.1
Project("{FAE04EC0-301F-11D3-BF4B-00C04F79EFBC}") = "Ttms.Crm.FunctionApp.Tests", "tests\Ttms.Crm.FunctionApp.Tests\Ttms.Crm.FunctionApp.Tests.csproj", "{CA2D2579-0CC8-41EB-98EF-4469000D1E6A}"
EndProject
Project("{FAE04EC0-301F-11D3-BF4B-00C04F79EFBC}") = "Ttms.Crm.ConsoleApp", "src\Ttms.Crm.ConsoleApp\Ttms.Crm.ConsoleApp.csproj", "{CBEB0D6D-65C0-48AD-AF3E-FFF44A1DF559}"
EndProject
Project("{FAE04EC0-301F-11D3-BF4B-00C04F79EFBC}") = "Ttms.Crm.FunctionApp", "src\Ttms.Crm.FunctionApp\Ttms.Crm.FunctionApp.csproj", "{90B4A186-F472-4D7A-85DB-297D4EF52F16}"
EndProject
Global
	GlobalSection(SolutionConfigurationPlatforms) = preSolution
		Debug|Any CPU = Debug|Any CPU
		Release|Any CPU = Release|Any CPU
	EndGlobalSection
	GlobalSection(ProjectConfigurationPlatforms) = postSolution
		{CA2D2579-0CC8-41EB-98EF-4469000D1E6A}.Debug|Any CPU.ActiveCfg = Debug|Any CPU
		{CA2D2579-0CC8-41EB-98EF-4469000D1E6A}.Debug|Any CPU.Build.0 = Debug|Any CPU
		{CA2D2579-0CC8-41EB-98EF-4469000D1E6A}.Release|Any CPU.ActiveCfg = Release|Any CPU
		{CA2D2579-0CC8-41EB-98EF-4469000D1E6A}.Release|Any CPU.Build.0 = Release|Any CPU
		{CBEB0D6D-65C0-48AD-AF3E-FFF44A1DF559}.Debug|Any CPU.ActiveCfg = Debug|Any CPU
		{CBEB0D6D-65C0-48AD-AF3E-FFF44A1DF559}.Debug|Any CPU.Build.0 = Debug|Any CPU
		{CBEB0D6D-65C0-48AD-AF3E-FFF44A1DF559}.Release|Any CPU.ActiveCfg = Release|Any CPU
		{CBEB0D6D-65C0-48AD-AF3E-FFF44A1DF559}.Release|Any CPU.Build.0 = Release|Any CPU
		{90B4A186-F472-4D7A-85DB-297D4EF52F16}.Debug|Any CPU.ActiveCfg = Debug|Any CPU
		{90B4A186-F472-4D7A-85DB-297D4EF52F16}.Debug|Any CPU.Build.0 = Debug|Any CPU
		{90B4A186-F472-4D7A-85DB-297D4EF52F16}.Release|Any CPU.ActiveCfg = Release|Any CPU
		{90B4A186-F472-4D7A-85DB-297D4EF52F16}.Release|Any CPU.Build.0 = Release|Any CPU
	EndGlobalSection
	GlobalSection(SolutionProperties) = preSolution
		HideSolutionNode = FALSE
	EndGlobalSection
	GlobalSection(ExtensibilityGlobals) = postSolution
		SolutionGuid = {3F1A5D0C-5D38-48EA-B215-9618A60862EE}
	EndGlobalSection
EndGlobal
